
Microsoft Visual Studio Solution File, Format Version 12.00
# Visual Studio 15
VisualStudioVersion = 15.0.27004.2006
MinimumVisualStudioVersion = 10.0.40219.1
Project("{FAE04EC0-301F-11D3-BF4B-00C04F79EFBC}") = "AdoNet", "AdoNet\AdoNet.csproj", "{77EAFBF6-CB4F-4117-97B6-5FAC46E64122}"
EndProject
Global
	GlobalSection(SolutionConfigurationPlatforms) = preSolution
		Debug|Any CPU = Debug|Any CPU
		Release|Any CPU = Release|Any CPU
	EndGlobalSection
	GlobalSection(ProjectConfigurationPlatforms) = postSolution
		{77EAFBF6-CB4F-4117-97B6-5FAC46E64122}.Debug|Any CPU.ActiveCfg = Debug|Any CPU
		{77EAFBF6-CB4F-4117-97B6-5FAC46E64122}.Debug|Any CPU.Build.0 = Debug|Any CPU
		{77EAFBF6-CB4F-4117-97B6-5FAC46E64122}.Release|Any CPU.ActiveCfg = Release|Any CPU
		{77EAFBF6-CB4F-4117-97B6-5FAC46E64122}.Release|Any CPU.Build.0 = Release|Any CPU
	EndGlobalSection
	GlobalSection(SolutionProperties) = preSolution
		HideSolutionNode = FALSE
	EndGlobalSection
	GlobalSection(ExtensibilityGlobals) = postSolution
		SolutionGuid = {6FEE6063-499A-4D4C-98D9-8722EF944C41}
	EndGlobalSection
EndGlobal
